
Microsoft Visual Studio Solution File, Format Version 12.00
# Visual Studio 14
VisualStudioVersion = 14.0.25123.0
MinimumVisualStudioVersion = 10.0.40219.1
Project("{FAE04EC0-301F-11D3-BF4B-00C04F79EFBC}") = "Kallithea-NET-API", "Kallithea-NET-API\Kallithea-NET-API.csproj", "{EBF90513-FA10-4CB9-A03D-29047FEFFAD9}"
EndProject
Project("{FAE04EC0-301F-11D3-BF4B-00C04F79EFBC}") = "Test-Kallithea-NET-API", "Test-Kallithea-NET-API\Test-Kallithea-NET-API.csproj", "{7B6677B1-E238-4D96-A957-241C6AC17A96}"
EndProject
Project("{FAE04EC0-301F-11D3-BF4B-00C04F79EFBC}") = "Kallithea-NET-APITests", "Kallithea-NET-APITests\Kallithea-NET-APITests.csproj", "{C94F871D-8E40-4DDE-B1ED-B865A11914CF}"
EndProject
Global
	GlobalSection(SolutionConfigurationPlatforms) = preSolution
		Debug|Any CPU = Debug|Any CPU
		Release|Any CPU = Release|Any CPU
	EndGlobalSection
	GlobalSection(ProjectConfigurationPlatforms) = postSolution
		{EBF90513-FA10-4CB9-A03D-29047FEFFAD9}.Debug|Any CPU.ActiveCfg = Debug|Any CPU
		{EBF90513-FA10-4CB9-A03D-29047FEFFAD9}.Debug|Any CPU.Build.0 = Debug|Any CPU
		{EBF90513-FA10-4CB9-A03D-29047FEFFAD9}.Release|Any CPU.ActiveCfg = Release|Any CPU
		{EBF90513-FA10-4CB9-A03D-29047FEFFAD9}.Release|Any CPU.Build.0 = Release|Any CPU
		{7B6677B1-E238-4D96-A957-241C6AC17A96}.Debug|Any CPU.ActiveCfg = Debug|Any CPU
		{7B6677B1-E238-4D96-A957-241C6AC17A96}.Debug|Any CPU.Build.0 = Debug|Any CPU
		{7B6677B1-E238-4D96-A957-241C6AC17A96}.Release|Any CPU.ActiveCfg = Release|Any CPU
		{7B6677B1-E238-4D96-A957-241C6AC17A96}.Release|Any CPU.Build.0 = Release|Any CPU
		{C94F871D-8E40-4DDE-B1ED-B865A11914CF}.Debug|Any CPU.ActiveCfg = Debug|Any CPU
		{C94F871D-8E40-4DDE-B1ED-B865A11914CF}.Debug|Any CPU.Build.0 = Debug|Any CPU
		{C94F871D-8E40-4DDE-B1ED-B865A11914CF}.Release|Any CPU.ActiveCfg = Release|Any CPU
		{C94F871D-8E40-4DDE-B1ED-B865A11914CF}.Release|Any CPU.Build.0 = Release|Any CPU
	EndGlobalSection
	GlobalSection(SolutionProperties) = preSolution
		HideSolutionNode = FALSE
	EndGlobalSection
	GlobalSection(HgVSProperties) = preSolution
		SolutionIsControlled = True
		SolutionBindings = <Solution Location In Database>
	EndGlobalSection
	GlobalSection(HgVSProperties) = preSolution
		SolutionIsControlled = True
		SolutionBindings = <Solution Location In Database>
	EndGlobalSection
	GlobalSection(HgVSProperties) = preSolution
		SolutionIsControlled = True
		SolutionBindings = <Solution Location In Database>
	EndGlobalSection
EndGlobal
